# This file is autogenerated, do not edit; changes may be undone by the next 'dep ensure'.


[[projects]]
  branch = "master"
  digest = "1:967bb9f37485be86624db156d3c740d30c4f1e0a91994c1b42f2371f20abf8f6"
  name = "github.com/ajstarks/svgo"
  packages = ["."]
  pruneopts = "UT"
  revision = "f189e35d30ca1f6734fcfb06af742af835afea6e"

[[projects]]
  digest = "1:1f3ac7fe35397cc98b4e4b376b824eda4c98be3753925c7c996f9ed9e57d1ce1"
  name = "github.com/awalterschulze/gographviz"
  packages = [
    ".",
    "ast",
    "internal/errors",
    "internal/lexer",
    "internal/parser",
    "internal/token",
  ]
  pruneopts = "UT"
  revision = "fa59802746ab47bad3c8876d678d41299cdd1aaa"
  version = "v2.0.1"

[[projects]]
  digest = "1:7471447f18b90de5d6adfd51fe8ced6be2dc160d264ccbcd6fcefbd4b79f639e"
  name = "github.com/chewxy/hm"
  packages = ["."]
  pruneopts = "UT"
  revision = "61efb3290a086d1335e8954b3734c102126818ba"
  version = "v1.0.0"

[[projects]]
  digest = "1:a15a7cd059657c3de044a9972ba89e55db43ffaad547087fe7e699665f930966"
  name = "github.com/chewxy/math32"
  packages = ["."]
  pruneopts = "UT"
  revision = "690198fe423b6a6dacda06cdefa44cf45655dfd3"
  version = "1.01"

[[projects]]
  digest = "1:b6e21e98fcbc23345ea2e3b70766edfc7fb53c0c99966fed18e889de0fcb67f2"
  name = "github.com/fogleman/gg"
  packages = ["."]
  pruneopts = "UT"
  revision = "0403632d5b905943a1c2a5b2763aaecd568467ec"
  version = "v1.3.0"

[[projects]]
  digest = "1:e20a9d6598878d629e04541d96076bf232c1ee36f6b267c4a5dae7779f15c36a"
  name = "github.com/gogo/protobuf"
  packages = [
    "gogoproto",
    "proto",
    "protoc-gen-gogo/descriptor",
  ]
  pruneopts = "UT"
  revision = "5628607bb4c51c3157aacc3a50f0ab707582b805"
  version = "v1.3.1"

[[projects]]
  branch = "master"
  digest = "1:62c57507df491b657e9ae2645f30958d9964c8eeb380600469eedc951ebb3a0e"
  name = "github.com/golang/freetype"
  packages = [
    "raster",
    "truetype",
  ]
  pruneopts = "UT"
  revision = "e2365dfdc4a05e4b8299a783240d4a7d5a65d4e4"

[[projects]]
  digest = "1:112b07cad4bd500e6e445cc0b9294ca310faa41199c19475c557daa2c7519549"
  name = "github.com/golang/protobuf"
  packages = ["proto"]
  pruneopts = "UT"
  revision = "1b794fe86dd6a0c7c52ae69b5c9cb0aeedc52afa"
  version = "v1.4.0"

[[projects]]
  digest = "1:50fb21618b73dde1f0b72d56d6e09218b764c62130699dc541a3d6c360192153"
  name = "github.com/google/flatbuffers"
  packages = ["go"]
  pruneopts = "UT"
  revision = "6df40a2471737b27271bdd9b900ab5f3aec746c7"
  version = "v1.12.0"

[[projects]]
  digest = "1:f2ef06d4dba3dd33bd77c5bc076801c1d3159b64630fc0143f7e072ec127b7e6"
  name = "github.com/jung-kurt/gofpdf"
  packages = ["."]
  pruneopts = "UT"
  revision = "49e44c73f28fbc4ea0b011c7d4078d0a1523e44f"
  version = "v12.13.5"

[[projects]]
  branch = "master"
  digest = "1:cd3be903954aae164b59091dae5d97cd00e09b4c9432dfda19d1900f8685cfe6"
  name = "github.com/leesper/go_rng"
  packages = ["."]
  pruneopts = "UT"
  revision = "a612b043e35337d205b8d4b4bb016a37cc29025e"

[[projects]]
  digest = "1:cf31692c14422fa27c83a05292eb5cbe0fb2775972e8f1f8446a71549bd8980b"
  name = "github.com/pkg/errors"
  packages = ["."]
  pruneopts = "UT"
  revision = "ba968bfe8b2f7e042a574c888954fccecfa385b4"
  version = "v0.8.1"

[[projects]]
  branch = "master"
  digest = "1:21561e8e085a2bae78f9007e13cb28afa946d3d4632ad69fe88a09923322c868"
  name = "github.com/xtgo/set"
  packages = ["."]
  pruneopts = "UT"
  revision = "708d80f4a27458f99f8ca12bd0e638c6ee65627f"

[[projects]]
  branch = "master"
  digest = "1:9484267e1687ef33dc3792edd255c8bed6ba8a8bc64e61dca1458a70729ccda3"
  name = "golang.org/x/exp"
  packages = ["rand"]
  pruneopts = "UT"
  revision = "e8c3332aa8e5b8e6acb4707c3a7e5979052b20aa"

[[projects]]
  branch = "master"
  digest = "1:1a12a4eafdd2e65225e462bb68b99c55fd29311fc3aeb71dc2e07029ac3eff87"
  name = "golang.org/x/image"
  packages = [
    "ccitt",
    "draw",
    "font",
    "font/basicfont",
    "font/plan9font",
    "math/f64",
    "math/fixed",
    "tiff",
    "tiff/lzw",
  ]
  pruneopts = "UT"
  revision = "33d19683fad8d833d2299173c7bf8ced0f102764"

[[projects]]
  digest = "1:8f4df7757099e18619aa7fb66cbbed1276ac96eb512904eddd0a062433532a2c"
  name = "gonum.org/v1/gonum"
  packages = [
    "blas",
    "blas/blas64",
    "blas/cblas128",
    "blas/gonum",
    "floats",
    "graph",
    "graph/internal/linear",
    "graph/internal/ordered",
    "graph/internal/set",
    "graph/iterator",
    "graph/topo",
    "graph/traverse",
    "internal/asm/c128",
    "internal/asm/c64",
    "internal/asm/f32",
    "internal/asm/f64",
    "internal/cmplx64",
    "internal/math32",
    "lapack",
    "lapack/gonum",
    "lapack/lapack64",
    "mat",
    "mathext",
    "mathext/internal/amos",
    "mathext/internal/cephes",
    "mathext/internal/gonum",
    "stat",
    "stat/combin",
    "stat/distuv",
  ]
  pruneopts = "UT"
  revision = "960a37950cca5ec8d1efe76ed4eec9dfe3065bd6"
  version = "v0.7.0"

[[projects]]
  digest = "1:f973d0a1dc0cb9183752e3f171a5aaa543e27322a8daf926eb9ab70c1ebd3593"
  name = "gonum.org/v1/plot"
  packages = [
    ".",
    "palette",
    "plotter",
    "plotutil",
    "tools/bezier",
    "vg",
    "vg/draw",
    "vg/fonts",
    "vg/vgeps",
    "vg/vgimg",
    "vg/vgpdf",
    "vg/vgsvg",
  ]
  pruneopts = "UT"
  revision = "5f3b4ba9092b1c625bfe2e7f4a3d43e544e0d402"
  version = "v0.7.0"

[[projects]]
  digest = "1:f1865c7b6c5f85632ff40fd729aa3393e66a2db3de74d43ab7c594be7e9bfe25"
  name = "google.golang.org/protobuf"
  packages = [
    "encoding/prototext",
    "encoding/protowire",
    "internal/descfmt",
    "internal/descopts",
    "internal/detrand",
    "internal/encoding/defval",
    "internal/encoding/messageset",
    "internal/encoding/tag",
    "internal/encoding/text",
    "internal/errors",
    "internal/fieldnum",
    "internal/fieldsort",
    "internal/filedesc",
    "internal/filetype",
    "internal/flags",
    "internal/genname",
    "internal/impl",
    "internal/mapsort",
    "internal/pragma",
    "internal/set",
    "internal/strs",
    "internal/version",
    "proto",
    "reflect/protoreflect",
    "reflect/protoregistry",
    "runtime/protoiface",
    "runtime/protoimpl",
  ]
  pruneopts = "UT"
  revision = "3b9eee12916ce611400f93d6c2fed2fc2911b0ad"
  version = "v1.21.0"

[[projects]]
  digest = "1:d5c4194bb0ebc589ea05b140974f7cda80f8efba540141a3c84eb847e1be2037"
  name = "gorgonia.org/cu"
  packages = [
    ".",
    "blas",
    "dnn",
  ]
  pruneopts = "UT"
  revision = "a587ef5184d68c2ae0989f48062179ffcc4f19a3"
  version = "v0.9.2"

[[projects]]
  digest = "1:73708f5e0c15b1112ec7e7c5393ca415d653d00b0e00900d3c5128b77f411b34"
  name = "gorgonia.org/dawson"
  packages = ["."]
  pruneopts = "UT"
  revision = "d40e73e0905e44096404b2dc2bed1167d791d0b7"
  version = "v1.2.0"

[[projects]]
  digest = "1:f51d67cedb77069786c964592eac38e838fe2e7417f73a71dc83a742bad96c93"
  name = "gorgonia.org/gorgonia"
  packages = [
    ".",
    "cuda",
    "internal/encoding",
  ]
  pruneopts = "UT"
  revision = "0640ff19b9f1e9dda24443a0b4fbc609edd26287"
  version = "v0.9.10"

[[projects]]
  digest = "1:16bdbd5fc8bd695e95e771999c51a549419019ced1802c15a34c694aeb34366b"
  name = "gorgonia.org/tensor"
  packages = [
    ".",
    "internal/execution",
    "internal/serialization/fb",
    "internal/serialization/pb",
    "internal/storage",
  ]
  pruneopts = "UT"
  revision = "d08c5f3a734b96df0b642ea26270cbb18be0bffd"
  version = "v0.9.6"

[[projects]]
  digest = "1:62ea55b8b5391b241fac666e094216cb091755363cab645435de15f4e3609c20"
  name = "gorgonia.org/vecf32"
  packages = ["."]
  pruneopts = "UT"
  revision = "50ea049a9000a9d51e09929ee39572ff2ba68b59"
  version = "v0.9.0"

[[projects]]
  digest = "1:33e4bc5b64eed1fb8281305078bb742cdd569f35e16b9fb327a9ab87a93b7eed"
  name = "gorgonia.org/vecf64"
  packages = ["."]
  pruneopts = "UT"
  revision = "1a1e7411aed011ba757953c004380fa32cce0293"
  version = "v0.9.0"

[solve-meta]
  analyzer-name = "dep"
  analyzer-version = 1
  input-imports = [
    "golang.org/x/exp/rand",
    "gonum.org/v1/gonum/stat",
    "gonum.org/v1/gonum/stat/distuv",
    "gonum.org/v1/plot",
    "gonum.org/v1/plot/plotter",
    "gonum.org/v1/plot/plotutil",
    "gonum.org/v1/plot/vg",
    "gorgonia.org/gorgonia",
    "gorgonia.org/tensor",
  ]
  solver-name = "gps-cdcl"
  solver-version = 1
